
Microsoft Visual Studio Solution File, Format Version 12.00
# Visual Studio 15
VisualStudioVersion = 15.0.28010.2046
MinimumVisualStudioVersion = 10.0.40219.1
Project("{FAE04EC0-301F-11D3-BF4B-00C04F79EFBC}") = "AgileTrackingSystem", "AgileTrackingSystem\AgileTrackingSystem.csproj", "{31957560-2537-4A4F-A5C6-07A38DE9A37B}"
EndProject
Global
	GlobalSection(SolutionConfigurationPlatforms) = preSolution
		Debug|Any CPU = Debug|Any CPU
		Release|Any CPU = Release|Any CPU
	EndGlobalSection
	GlobalSection(ProjectConfigurationPlatforms) = postSolution
		{31957560-2537-4A4F-A5C6-07A38DE9A37B}.Debug|Any CPU.ActiveCfg = Debug|Any CPU
		{31957560-2537-4A4F-A5C6-07A38DE9A37B}.Debug|Any CPU.Build.0 = Debug|Any CPU
		{31957560-2537-4A4F-A5C6-07A38DE9A37B}.Release|Any CPU.ActiveCfg = Release|Any CPU
		{31957560-2537-4A4F-A5C6-07A38DE9A37B}.Release|Any CPU.Build.0 = Release|Any CPU
	EndGlobalSection
	GlobalSection(SolutionProperties) = preSolution
		HideSolutionNode = FALSE
	EndGlobalSection
	GlobalSection(ExtensibilityGlobals) = postSolution
		SolutionGuid = {EAAFD61D-0797-422E-BAE4-C2257B84F98F}
	EndGlobalSection
EndGlobal
